
Microsoft Visual Studio Solution File, Format Version 12.00
# Visual Studio Version 16
VisualStudioVersion = 16.0.31613.86
MinimumVisualStudioVersion = 10.0.40219.1
Project("{FAE04EC0-301F-11D3-BF4B-00C04F79EFBC}") = "testsCode", "testsCode\testsCode.csproj", "{CD589278-E100-4BE8-B690-6F861796DFF6}"
EndProject
Global
	GlobalSection(SolutionConfigurationPlatforms) = preSolution
		Debug|Any CPU = Debug|Any CPU
		Release|Any CPU = Release|Any CPU
	EndGlobalSection
	GlobalSection(ProjectConfigurationPlatforms) = postSolution
		{CD589278-E100-4BE8-B690-6F861796DFF6}.Debug|Any CPU.ActiveCfg = Debug|Any CPU
		{CD589278-E100-4BE8-B690-6F861796DFF6}.Debug|Any CPU.Build.0 = Debug|Any CPU
		{CD589278-E100-4BE8-B690-6F861796DFF6}.Release|Any CPU.ActiveCfg = Release|Any CPU
		{CD589278-E100-4BE8-B690-6F861796DFF6}.Release|Any CPU.Build.0 = Release|Any CPU
	EndGlobalSection
	GlobalSection(SolutionProperties) = preSolution
		HideSolutionNode = FALSE
	EndGlobalSection
	GlobalSection(ExtensibilityGlobals) = postSolution
		SolutionGuid = {1C43A050-2BA8-42EC-AE3A-2704CAD12A5E}
	EndGlobalSection
EndGlobal
